[[package]]
name = "markdown-gettext"
version = "0.1.2"
description = "Markdown i18n with gettext"
category = "main"
optional = false
python-versions = ">=3.8,<4.0"

[package.dependencies]
mdit-py-i18n = ">=0.1.0,<0.2.0"
polib = ">=1.2.0,<2.0.0"
PyYAML = ">=6.0.1,<7.0.0"

[[package]]
name = "markdown-it-py"
version = "3.0.0"
description = "Python port of markdown-it. Markdown parsing, done right!"
category = "main"
optional = false
python-versions = ">=3.8"

[package.dependencies]
mdit-py-plugins = {version = "*", optional = true, markers = "extra == \"plugins\""}
mdurl = ">=0.1,<1.0"

[package.extras]
benchmarking = ["psutil", "pytest", "pytest-benchmark"]
code_style = ["pre-commit (>=3.0,<4.0)"]
compare = ["commonmark (>=0.9,<1.0)", "markdown (>=3.4,<4.0)", "mistletoe (>=1.0,<2.0)", "mistune (>=2.0,<3.0)", "panflute (>=2.3,<3.0)"]
linkify = ["linkify-it-py (>=1,<3)"]
plugins = ["mdit-py-plugins"]
profiling = ["gprof2dot"]
rtd = ["mdit-py-plugins", "myst-parser", "pyyaml", "sphinx", "sphinx-copybutton", "sphinx-design", "sphinx-book-theme", "jupyter-sphinx"]
testing = ["coverage", "pytest", "pytest-cov", "pytest-regressions"]

[[package]]
name = "mdit-py-hugo"
version = "0.3.1"
description = "Collection of markdown-it-py plugins and extensions that add supports for Hugo syntaxes and functionalities"
category = "main"
optional = false
python-versions = ">=3.8,<4.0"

[package.dependencies]
markdown-it-py = ">=3.0.0,<4.0.0"
mdit-py-plugins = ">=0.4.0,<0.5.0"

[[package]]
name = "mdit-py-i18n"
version = "0.1.2"
description = "Markdown i18n and l10n using markdown-it-py"
category = "main"
optional = false
python-versions = ">=3.8,<4.0"

[package.dependencies]
markdown-it-py = {version = ">=3.0.0,<4.0.0", extras = ["plugins"]}
Pygments = ">=2.16.1,<3.0.0"

[[package]]
name = "mdit-py-plugins"
version = "0.4.0"
description = "Collection of plugins for markdown-it-py"
category = "main"
optional = false
python-versions = ">=3.8"

[package.dependencies]
markdown-it-py = ">=1.0.0,<4.0.0"

[package.extras]
code_style = ["pre-commit"]
rtd = ["myst-parser", "sphinx-book-theme"]
testing = ["coverage", "pytest", "pytest-cov", "pytest-regressions"]

[[package]]
name = "mdurl"
version = "0.1.2"
description = "Markdown URL utilities"
category = "main"
optional = false
python-versions = ">=3.7"

[[package]]
name = "polib"
version = "1.2.0"
description = "A library to manipulate gettext files (po and mo files)."
category = "main"
optional = false
python-versions = "*"

[[package]]
name = "pygments"
version = "2.16.1"
description = "Pygments is a syntax highlighting package written in Python."
category = "main"
optional = false
python-versions = ">=3.7"

[package.extras]
plugins = ["importlib-metadata"]

[[package]]
name = "pytomlpp"
version = "1.0.13"
description = "A python wrapper for toml++"
category = "main"
optional = false
python-versions = "*"

[[package]]
name = "pyyaml"
version = "6.0.1"
description = "YAML parser and emitter for Python"
category = "main"
optional = false
python-versions = ">=3.6"

[metadata]
lock-version = "1.1"
python-versions = "^3.8"
content-hash = "46051dd53a872baa2c6a95b259dd8bab3c13b37f572c68af64f825448c767e9a"

[metadata.files]
markdown-gettext = [
    {file = "markdown-gettext-0.1.2.tar.gz", hash = "sha256:c3aaf0134b8564978d81f0d6497dfaaaebd6dd5c633a30c5b011f4a8718479bc"},
    {file = "markdown_gettext-0.1.2-py3-none-any.whl", hash = "sha256:ac30d4444c275631a27ff4953757b1c9238c19c96e11f57fc565264da5580fb6"},
]
markdown-it-py = [
    {file = "markdown-it-py-3.0.0.tar.gz", hash = "sha256:e3f60a94fa066dc52ec76661e37c851cb232d92f9886b15cb560aaada2df8feb"},
    {file = "markdown_it_py-3.0.0-py3-none-any.whl", hash = "sha256:355216845c60bd96232cd8d8c40e8f9765cc86f46880e43a8fd22dc1a1a8cab1"},
]
mdit-py-hugo = [
    {file = "mdit-py-hugo-0.3.1.tar.gz", hash = "sha256:0596ce7ffaf25340d1c91d3e551e877f875ccdf5b73e7839ffcff7fdf8cc0582"},
    {file = "mdit_py_hugo-0.3.1-py3-none-any.whl", hash = "sha256:53b9f09500cf8b74efb46f18b060a8a57e6397414d8cc4abf965f333de1e3bce"},
]
mdit-py-i18n = [
    {file = "mdit-py-i18n-0.1.2.tar.gz", hash = "sha256:aede3a60403f66d149483bdbe6f61402260a889c0daa42f400677be6fdd5db9c"},
    {file = "mdit_py_i18n-0.1.2-py3-none-any.whl", hash = "sha256:dbab4efc6a5f2998ebc6b3e20194375658f278be07d639e36ba5b0c07e988194"},
]
mdit-py-plugins = [
    {file = "mdit_py_plugins-0.4.0-py3-none-any.whl", hash = "sha256:b51b3bb70691f57f974e257e367107857a93b36f322a9e6d44ca5bf28ec2def9"},
    {file = "mdit_py_plugins-0.4.0.tar.gz", hash = "sha256:d8ab27e9aed6c38aa716819fedfde15ca275715955f8a185a8e1cf90fb1d2c1b"},
]
mdurl = [
    {file = "mdurl-0.1.2-py3-none-any.whl", hash = "sha256:84008a41e51615a49fc9966191ff91509e3c40b939176e643fd50a5c2196b8f8"},
    {file = "mdurl-0.1.2.tar.gz", hash = "sha256:bb413d29f5eea38f31dd4754dd7377d4465116fb207585f97bf925588687c1ba"},
]
polib = [
    {file = "polib-1.2.0-py2.py3-none-any.whl", hash = "sha256:1c77ee1b81feb31df9bca258cbc58db1bbb32d10214b173882452c73af06d62d"},
    {file = "polib-1.2.0.tar.gz", hash = "sha256:f3ef94aefed6e183e342a8a269ae1fc4742ba193186ad76f175938621dbfc26b"},
]
pygments = [
    {file = "Pygments-2.16.1-py3-none-any.whl", hash = "sha256:13fc09fa63bc8d8671a6d247e1eb303c4b343eaee81d861f3404db2935653692"},
    {file = "Pygments-2.16.1.tar.gz", hash = "sha256:1daff0494820c69bc8941e407aa20f577374ee88364ee10a98fdbe0aece96e29"},
]
pytomlpp = [
    {file = "pytomlpp-1.0.13-cp310-cp310-macosx_10_9_universal2.whl", hash = "sha256:131644b5c32a0b32667875883251fa01a6a852e0386e5db8d0f70ddf44bebe3b"},
    {file = "pytomlpp-1.0.13-cp310-cp310-macosx_10_9_x86_64.whl", hash = "sha256:23d7ac98b01965e17c604bc86c77f751e4f91055c68397a724e7a05cd91c04fd"},
    {file = "pytomlpp-1.0.13-cp310-cp310-macosx_11_0_arm64.whl", hash = "sha256:98ae1451dcabb3449df8a097014b2d5cdaeb8961f16cced83462dfb704b61d12"},
    {file = "pytomlpp-1.0.13-cp310-cp310-manylinux_2_17_i686.manylinux2014_i686.whl", hash = "sha256:cc31231a57b45499c68b7c6c7c7d176874c1b4d3c236e3e4ecfc005642496815"},
    {file = "pytomlpp-1.0.13-cp310-cp310-manylinux_2_17_x86_64.manylinux2014_x86_64.whl", hash = "sha256:68d1743e03806e67a0b5daefb8f548609ffeec4ab94d91092440325c9e22bc77"},
    {file = "pytomlpp-1.0.13-cp310-cp310-musllinux_1_1_i686.whl", hash = "sha256:5b9a8b2179271abc54c0879cccc880b50918409765074c9ee25d45545f60b2a8"},
    {file = "pytomlpp-1.0.13-cp310-cp310-musllinux_1_1_x86_64.whl", hash = "sha256:4d325590d276104e4030c7907dd559148566347e840cb1c3874671ea09491789"},
    {file = "pytomlpp-1.0.13-cp310-cp310-win_amd64.whl", hash = "sha256:fab6e69a754d3be5d8580753feac56fa70d2f4f9388f1d7a30c719ceca2d3ff2"},
    {file = "pytomlpp-1.0.13-cp311-cp311-macosx_10_9_universal2.whl", hash = "sha256:47684714f9ed1a880e66b2e183789519a9ad7b55f2da9e30b65090a42342ef83"},
    {file = "pytomlpp-1.0.13-cp311-cp311-macosx_10_9_x86_64.whl", hash = "sha256:4d7c0e8a1e21249df4e60f07a728129f33899b7548ff391343b244e1222296b1"},
    {file = "pytomlpp-1.0.13-cp311-cp311-macosx_11_0_arm64.whl", hash = "sha256:aa016e89a76c3ed58ea7a1eb2cb795ee1b1aa2831bb47c724ae787cb03dcf790"},
    {file = "pytomlpp-1.0.13-cp311-cp311-manylinux_2_17_i686.manylinux2014_i686.whl", hash = "sha256:d4549130097ca8b7aada5f6e8440db3dbc36f0f3df24231b3521297a5e3cecf1"},
    {file = "pytomlpp-1.0.13-cp311-cp311-manylinux_2_17_x86_64.manylinux2014_x86_64.whl", hash = "sha256:7d2e7be5ddf349fbcfdd1cfcee630c4ad33031411a9dded93a96d186f2086038"},
    {file = "pytomlpp-1.0.13-cp311-cp311-musllinux_1_1_i686.whl", hash = "sha256:3398853a6ab98ccb5e722b9d2f1ac127ea2a82d267dcff8ff7dc98a472f70ad0"},
    {file = "pytomlpp-1.0.13-cp311-cp311-musllinux_1_1_x86_64.whl", hash = "sha256:b606dea8b05d2f5915a4d6f88e7772eb4772ed8a65c113b15bff5754982f48df"},
    {file = "pytomlpp-1.0.13-cp311-cp311-win_amd64.whl", hash = "sha256:1843cd3816e25453bfcac5468106f9f39e766bda198bd69d41e09184a6062497"},
    {file = "pytomlpp-1.0.13-cp36-cp36m-macosx_10_9_x86_64.whl", hash = "sha256:adfbfb981bcfe31cec4443b2410ae65cea6ec37b13396f7a0a66ffffd418a075"},
    {file = "pytomlpp-1.0.13-cp36-cp36m-manylinux_2_17_i686.manylinux2014_i686.whl", hash = "sha256:87256e701a6237a178739323394e5abfe3bf5fa5eb0188d8710839412556b56e"},
    {file = "pytomlpp-1.0.13-cp36-cp36m-manylinux_2_17_x86_64.manylinux2014_x86_64.whl", hash = "sha256:a2752caeb649c04dcdfe78dd43d63b9c03db01d41f4e97af133f214cf6ee5f09"},
    {file = "pytomlpp-1.0.13-cp36-cp36m-musllinux_1_1_i686.whl", hash = "sha256:988288644025dc20a997a5caa8d6d283ad94bdbc30415a965a12b82bc77026c1"},
    {file = "pytomlpp-1.0.13-cp36-cp36m-musllinux_1_1_x86_64.whl", hash = "sha256:807f8cfff2195b68fbefe8122561be6ced51009f5c95c422f781bae5d7d90fc4"},
    {file = "pytomlpp-1.0.13-cp36-cp36m-win_amd64.whl", hash = "sha256:7443a2dce8f48c0801c1f5b3ea78acbae30fb263480570f8b68b198620041afa"},
    {file = "pytomlpp-1.0.13-cp37-cp37m-macosx_10_9_x86_64.whl", hash = "sha256:c155e2b72844dd11ca0fdfc3bfb44bc41770ba34803b67621e41496f67b70453"},
    {file = "pytomlpp-1.0.13-cp37-cp37m-manylinux_2_17_i686.manylinux2014_i686.whl", hash = "sha256:ffae01816f10fa29e0cd30bd8709573de5ba1ec57dd5901ab6e2f8c7c199ed7a"},
    {file = "pytomlpp-1.0.13-cp37-cp37m-manylinux_2_17_x86_64.manylinux2014_x86_64.whl", hash = "sha256:e030b4440cc65937ae9701448615ba445ea2c1ff20fa630c149e368e06f9b082"},
    {file = "pytomlpp-1.0.13-cp37-cp37m-musllinux_1_1_i686.whl", hash = "sha256:2e2a94463207608d1cba0c36ea4f882e0b409e28590e2dbc48961dea59f170c0"},
    {file = "pytomlpp-1.0.13-cp37-cp37m-musllinux_1_1_x86_64.whl", hash = "sha256:70b43d955fb53ca9186dafc95fa24ea783870a226bf875b833c25dd5865ed526"},
    {file = "pytomlpp-1.0.13-cp37-cp37m-win_amd64.whl", hash = "sha256:7832307f4bc0518f78f0afc615cb8135400522be8676eff47ece5dfbca240115"},
    {file = "pytomlpp-1.0.13-cp38-cp38-macosx_10_9_universal2.whl", hash = "sha256:d50395394963529940703638b422b19d84c5a003a7eb0106ad7c7347ad6f20c0"},
    {file = "pytomlpp-1.0.13-cp38-cp38-macosx_10_9_x86_64.whl", hash = "sha256:73062c46d315e1f3cdf631fb8761e0981dda0df346723ca50355c4311167fbfa"},
    {file = "pytomlpp-1.0.13-cp38-cp38-macosx_11_0_arm64.whl", hash = "sha256:2fe54bcd5911b33410a7a7e9cad66d016b056b331cfdf9e5e9d8b404339b1003"},
    {file = "pytomlpp-1.0.13-cp38-cp38-manylinux_2_17_i686.manylinux2014_i686.whl", hash = "sha256:88facf9533603b8e2a502f4485641dcb3121d20ccff78f1167b38efc1c7eb9a4"},
    {file = "pytomlpp-1.0.13-cp38-cp38-manylinux_2_17_x86_64.manylinux2014_x86_64.whl", hash = "sha256:ce78fab1987ff48d42e4f4759d765dbf183824a56862f35f500ce0cfc974b5ef"},
    {file = "pytomlpp-1.0.13-cp38-cp38-musllinux_1_1_i686.whl", hash = "sha256:0cf58c70c6cf97d8f98f1931c168b5a2b4c894e5bfd46bd574f0ea0668e8d2b2"},
    {file = "pytomlpp-1.0.13-cp38-cp38-musllinux_1_1_x86_64.whl", hash = "sha256:b95933988d11d6b54beb1dbf5d13b7afb4f60c2d014dfaaa5c7df44393e23537"},
    {file = "pytomlpp-1.0.13-cp38-cp38-win_amd64.whl", hash = "sha256:a43b2be6182d56914e9cf8aea25cd756b6c7415395ed223b7fc270582a0a4fd2"},
    {file = "pytomlpp-1.0.13-cp39-cp39-macosx_10_9_universal2.whl", hash = "sha256:2fea0318339407d0a9a097d63e9c020cc1bdb0b2de90b5ba6cfb3eabfdbbdfd1"},
    {file = "pytomlpp-1.0.13-cp39-cp39-macosx_10_9_x86_64.whl", hash = "sha256:98510ef5b92f8f7c5e42280948301f542f0086c39bf879f140e111a987f521aa"},
    {file = "pytomlpp-1.0.13-cp39-cp39-macosx_11_0_arm64.whl", hash = "sha256:8287ded4f27d9f54d017e996480e95ebcf9b2fd8381d4bc755f39fc0b2f70629"},
    {file = "pytomlpp-1.0.13-cp39-cp39-manylinux_2_17_i686.manylinux2014_i686.whl", hash = "sha256:f931803e4f48df82ac86ddc075a16635d57018bbac779e0258c896544f5e8ec6"},
    {file = "pytomlpp-1.0.13-cp39-cp39-manylinux_2_17_x86_64.manylinux2014_x86_64.whl", hash = "sha256:20a1f6584814f7c9db63f1f590868788aff86201e2b49e89f76772346b79606a"},
    {file = "pytomlpp-1.0.13-cp39-cp39-musllinux_1_1_i686.whl", hash = "sha256:abbca560310f4bc1f0dea15e77042da03d2a9437ffc239fd949fdcb4302bd85b"},
    {file = "pytomlpp-1.0.13-cp39-cp39-musllinux_1_1_x86_64.whl", hash = "sha256:62150ce6f7a47a135ba4375a8075eb321d1064ea2295f59fd92d5d148b7093f0"},
    {file = "pytomlpp-1.0.13-cp39-cp39-win_amd64.whl", hash = "sha256:b5e89ea80cd25732a2789d67075b72d64133fdf13490aa058abfe9e4964880e4"},
    {file = "pytomlpp-1.0.13-pp37-pypy37_pp73-macosx_10_9_x86_64.whl", hash = "sha256:4710c72456c10a90e58084174312abef8f9652b0f91c240c008903c1bd99814d"},
    {file = "pytomlpp-1.0.13-pp37-pypy37_pp73-manylinux_2_17_i686.manylinux2014_i686.whl", hash = "sha256:b59acc12339a992404289ab7294f28ba06c7df3c2562e81d316a0e744ab4103b"},
    {file = "pytomlpp-1.0.13-pp37-pypy37_pp73-manylinux_2_17_x86_64.manylinux2014_x86_64.whl", hash = "sha256:252e31a5e013a74b898784f4ffb8aa8068e136b910ad11f2af1ee8a5700e6e1e"},
    {file = "pytomlpp-1.0.13-pp37-pypy37_pp73-win_amd64.whl", hash = "sha256:09e716c0f462d15f2334cecc736957777dd30f8a5bfa5cf8150679da7577d2fd"},
    {file = "pytomlpp-1.0.13-pp38-pypy38_pp73-macosx_10_9_x86_64.whl", hash = "sha256:19dbded2995370e802105fa6dce54ed60f79e58b4eb35fee7ef33f1fb5958f6c"},
    {file = "pytomlpp-1.0.13-pp38-pypy38_pp73-manylinux_2_17_i686.manylinux2014_i686.whl", hash = "sha256:9f87f6c958309e4c2358b778902c80bd33611d1c392f1abe2c226e3a62909ca4"},
    {file = "pytomlpp-1.0.13-pp38-pypy38_pp73-manylinux_2_17_x86_64.manylinux2014_x86_64.whl", hash = "sha256:e285aca948b419301fdda1927723287ef28482752782c44c9ee8c57eae7a1dc8"},
    {file = "pytomlpp-1.0.13-pp38-pypy38_pp73-win_amd64.whl", hash = "sha256:aad6ae19c056ea62a43fec82427ad4675b5c773dc255c4bdcf6da659cd7edff6"},
    {file = "pytomlpp-1.0.13-pp39-pypy39_pp73-macosx_10_9_x86_64.whl", hash = "sha256:0e0b34b7a132856567714342e9a622f7be0b4c9bac561a6252f0f85626c1aa4b"},
    {file = "pytomlpp-1.0.13-pp39-pypy39_pp73-manylinux_2_17_i686.manylinux2014_i686.whl", hash = "sha256:ac06ca7683f5a2737b3888ea1e38d6968abb24fab703bc7ceccbe589d5420e0c"},
    {file = "pytomlpp-1.0.13-pp39-pypy39_pp73-manylinux_2_17_x86_64.manylinux2014_x86_64.whl", hash = "sha256:35225c1d9d674df87b4682f04af97856049351c38822455b78258248d9309363"},
    {file = "pytomlpp-1.0.13-pp39-pypy39_pp73-win_amd64.whl", hash = "sha256:dbc9208ac58ea2a9d5ebb77e69d54d146744007f4a704a3f4e56d9881d41ee1c"},
    {file = "pytomlpp-1.0.13.tar.gz", hash = "sha256:a0bd639a8f624d1bdf5b3ea94363ca23dbfef38ab7b5b9348881a84afab434ad"},
]
pyyaml = [
    {file = "PyYAML-6.0.1-cp310-cp310-macosx_10_9_x86_64.whl", hash = "sha256:d858aa552c999bc8a8d57426ed01e40bef403cd8ccdd0fc5f6f04a00414cac2a"},
    {file = "PyYAML-6.0.1-cp310-cp310-macosx_11_0_arm64.whl", hash = "sha256:fd66fc5d0da6d9815ba2cebeb4205f95818ff4b79c3ebe268e75d961704af52f"},
    {file = "PyYAML-6.0.1-cp310-cp310-manylinux_2_17_aarch64.manylinux2014_aarch64.whl", hash = "sha256:69b023b2b4daa7548bcfbd4aa3da05b3a74b772db9e23b982788168117739938"},
    {file = "PyYAML-6.0.1-cp310-cp310-manylinux_2_17_s390x.manylinux2014_s390x.whl", hash = "sha256:81e0b275a9ecc9c0c0c07b4b90ba548307583c125f54d5b6946cfee6360c733d"},
    {file = "PyYAML-6.0.1-cp310-cp310-manylinux_2_17_x86_64.manylinux2014_x86_64.whl", hash = "sha256:ba336e390cd8e4d1739f42dfe9bb83a3cc2e80f567d8805e11b46f4a943f5515"},
    {file = "PyYAML-6.0.1-cp310-cp310-musllinux_1_1_x86_64.whl", hash = "sha256:326c013efe8048858a6d312ddd31d56e468118ad4cdeda36c719bf5bb6192290"},
    {file = "PyYAML-6.0.1-cp310-cp310-win32.whl", hash = "sha256:bd4af7373a854424dabd882decdc5579653d7868b8fb26dc7d0e99f823aa5924"},
    {file = "PyYAML-6.0.1-cp310-cp310-win_amd64.whl", hash = "sha256:fd1592b3fdf65fff2ad0004b5e363300ef59ced41c2e6b3a99d4089fa8c5435d"},
    {file = "PyYAML-6.0.1-cp311-cp311-macosx_10_9_x86_64.whl", hash = "sha256:6965a7bc3cf88e5a1c3bd2e0b5c22f8d677dc88a455344035f03399034eb3007"},
    {file = "PyYAML-6.0.1-cp311-cp311-macosx_11_0_arm64.whl", hash = "sha256:f003ed9ad21d6a4713f0a9b5a7a0a79e08dd0f221aff4525a2be4c346ee60aab"},
    {file = "PyYAML-6.0.1-cp311-cp311-manylinux_2_17_aarch64.manylinux2014_aarch64.whl", hash = "sha256:42f8152b8dbc4fe7d96729ec2b99c7097d656dc1213a3229ca5383f973a5ed6d"},
    {file = "PyYAML-6.0.1-cp311-cp311-manylinux_2_17_s390x.manylinux2014_s390x.whl", hash = "sha256:062582fca9fabdd2c8b54a3ef1c978d786e0f6b3a1510e0ac93ef59e0ddae2bc"},
    {file = "PyYAML-6.0.1-cp311-cp311-manylinux_2_17_x86_64.manylinux2014_x86_64.whl", hash = "sha256:d2b04aac4d386b172d5b9692e2d2da8de7bfb6c387fa4f801fbf6fb2e6ba4673"},
    {file = "PyYAML-6.0.1-cp311-cp311-musllinux_1_1_x86_64.whl", hash = "sha256:e7d73685e87afe9f3b36c799222440d6cf362062f78be1013661b00c5c6f678b"},
    {file = "PyYAML-6.0.1-cp311-cp311-win32.whl", hash = "sha256:1635fd110e8d85d55237ab316b5b011de701ea0f29d07611174a1b42f1444741"},
    {file = "PyYAML-6.0.1-cp311-cp311-win_amd64.whl", hash = "sha256:bf07ee2fef7014951eeb99f56f39c9bb4af143d8aa3c21b1677805985307da34"},
    {file = "PyYAML-6.0.1-cp312-cp312-macosx_10_9_x86_64.whl", hash = "sha256:855fb52b0dc35af121542a76b9a84f8d1cd886ea97c84703eaa6d88e37a2ad28"},
    {file = "PyYAML-6.0.1-cp312-cp312-macosx_11_0_arm64.whl", hash = "sha256:40df9b996c2b73138957fe23a16a4f0ba614f4c0efce1e9406a184b6d07fa3a9"},
    {file = "PyYAML-6.0.1-cp312-cp312-manylinux_2_17_x86_64.manylinux2014_x86_64.whl", hash = "sha256:6c22bec3fbe2524cde73d7ada88f6566758a8f7227bfbf93a408a9d86bcc12a0"},
    {file = "PyYAML-6.0.1-cp312-cp312-musllinux_1_1_x86_64.whl", hash = "sha256:8d4e9c88387b0f5c7d5f281e55304de64cf7f9c0021a3525bd3b1c542da3b0e4"},
    {file = "PyYAML-6.0.1-cp312-cp312-win32.whl", hash = "sha256:d483d2cdf104e7c9fa60c544d92981f12ad66a457afae824d146093b8c294c54"},
    {file = "PyYAML-6.0.1-cp312-cp312-win_amd64.whl", hash = "sha256:0d3304d8c0adc42be59c5f8a4d9e3d7379e6955ad754aa9d6ab7a398b59dd1df"},
    {file = "PyYAML-6.0.1-cp36-cp36m-macosx_10_9_x86_64.whl", hash = "sha256:50550eb667afee136e9a77d6dc71ae76a44df8b3e51e41b77f6de2932bfe0f47"},
    {file = "PyYAML-6.0.1-cp36-cp36m-manylinux_2_17_aarch64.manylinux2014_aarch64.whl", hash = "sha256:1fe35611261b29bd1de0070f0b2f47cb6ff71fa6595c077e42bd0c419fa27b98"},
    {file = "PyYAML-6.0.1-cp36-cp36m-manylinux_2_17_s390x.manylinux2014_s390x.whl", hash = "sha256:704219a11b772aea0d8ecd7058d0082713c3562b4e271b849ad7dc4a5c90c13c"},
    {file = "PyYAML-6.0.1-cp36-cp36m-manylinux_2_17_x86_64.manylinux2014_x86_64.whl", hash = "sha256:afd7e57eddb1a54f0f1a974bc4391af8bcce0b444685d936840f125cf046d5bd"},
    {file = "PyYAML-6.0.1-cp36-cp36m-win32.whl", hash = "sha256:fca0e3a251908a499833aa292323f32437106001d436eca0e6e7833256674585"},
    {file = "PyYAML-6.0.1-cp36-cp36m-win_amd64.whl", hash = "sha256:f22ac1c3cac4dbc50079e965eba2c1058622631e526bd9afd45fedd49ba781fa"},
    {file = "PyYAML-6.0.1-cp37-cp37m-macosx_10_9_x86_64.whl", hash = "sha256:b1275ad35a5d18c62a7220633c913e1b42d44b46ee12554e5fd39c70a243d6a3"},
    {file = "PyYAML-6.0.1-cp37-cp37m-manylinux_2_17_aarch64.manylinux2014_aarch64.whl", hash = "sha256:18aeb1bf9a78867dc38b259769503436b7c72f7a1f1f4c93ff9a17de54319b27"},
    {file = "PyYAML-6.0.1-cp37-cp37m-manylinux_2_17_s390x.manylinux2014_s390x.whl", hash = "sha256:596106435fa6ad000c2991a98fa58eeb8656ef2325d7e158344fb33864ed87e3"},
    {file = "PyYAML-6.0.1-cp37-cp37m-manylinux_2_17_x86_64.manylinux2014_x86_64.whl", hash = "sha256:baa90d3f661d43131ca170712d903e6295d1f7a0f595074f151c0aed377c9b9c"},
    {file = "PyYAML-6.0.1-cp37-cp37m-win32.whl", hash = "sha256:9046c58c4395dff28dd494285c82ba00b546adfc7ef001486fbf0324bc174fba"},
    {file = "PyYAML-6.0.1-cp37-cp37m-win_amd64.whl", hash = "sha256:4fb147e7a67ef577a588a0e2c17b6db51dda102c71de36f8549b6816a96e1867"},
    {file = "PyYAML-6.0.1-cp38-cp38-macosx_10_9_x86_64.whl", hash = "sha256:1d4c7e777c441b20e32f52bd377e0c409713e8bb1386e1099c2415f26e479595"},
    {file = "PyYAML-6.0.1-cp38-cp38-manylinux_2_17_aarch64.manylinux2014_aarch64.whl", hash = "sha256:a0cd17c15d3bb3fa06978b4e8958dcdc6e0174ccea823003a106c7d4d7899ac5"},
    {file = "PyYAML-6.0.1-cp38-cp38-manylinux_2_17_s390x.manylinux2014_s390x.whl", hash = "sha256:28c119d996beec18c05208a8bd78cbe4007878c6dd15091efb73a30e90539696"},
    {file = "PyYAML-6.0.1-cp38-cp38-manylinux_2_17_x86_64.manylinux2014_x86_64.whl", hash = "sha256:7e07cbde391ba96ab58e532ff4803f79c4129397514e1413a7dc761ccd755735"},
    {file = "PyYAML-6.0.1-cp38-cp38-musllinux_1_1_x86_64.whl", hash = "sha256:49a183be227561de579b4a36efbb21b3eab9651dd81b1858589f796549873dd6"},
    {file = "PyYAML-6.0.1-cp38-cp38-win32.whl", hash = "sha256:184c5108a2aca3c5b3d3bf9395d50893a7ab82a38004c8f61c258d4428e80206"},
    {file = "PyYAML-6.0.1-cp38-cp38-win_amd64.whl", hash = "sha256:1e2722cc9fbb45d9b87631ac70924c11d3a401b2d7f410cc0e3bbf249f2dca62"},
    {file = "PyYAML-6.0.1-cp39-cp39-macosx_10_9_x86_64.whl", hash = "sha256:9eb6caa9a297fc2c2fb8862bc5370d0303ddba53ba97e71f08023b6cd73d16a8"},
    {file = "PyYAML-6.0.1-cp39-cp39-macosx_11_0_arm64.whl", hash = "sha256:c8098ddcc2a85b61647b2590f825f3db38891662cfc2fc776415143f599bb859"},
    {file = "PyYAML-6.0.1-cp39-cp39-manylinux_2_17_aarch64.manylinux2014_aarch64.whl", hash = "sha256:5773183b6446b2c99bb77e77595dd486303b4faab2b086e7b17bc6bef28865f6"},
    {file = "PyYAML-6.0.1-cp39-cp39-manylinux_2_17_s390x.manylinux2014_s390x.whl", hash = "sha256:b786eecbdf8499b9ca1d697215862083bd6d2a99965554781d0d8d1ad31e13a0"},
    {file = "PyYAML-6.0.1-cp39-cp39-manylinux_2_17_x86_64.manylinux2014_x86_64.whl", hash = "sha256:bc1bf2925a1ecd43da378f4db9e4f799775d6367bdb94671027b73b393a7c42c"},
    {file = "PyYAML-6.0.1-cp39-cp39-musllinux_1_1_x86_64.whl", hash = "sha256:04ac92ad1925b2cff1db0cfebffb6ffc43457495c9b3c39d3fcae417d7125dc5"},
    {file = "PyYAML-6.0.1-cp39-cp39-win32.whl", hash = "sha256:faca3bdcf85b2fc05d06ff3fbc1f83e1391b3e724afa3feba7d13eeab355484c"},
    {file = "PyYAML-6.0.1-cp39-cp39-win_amd64.whl", hash = "sha256:510c9deebc5c0225e8c96813043e62b680ba2f9c50a08d3724c7f28a747d1486"},
    {file = "PyYAML-6.0.1.tar.gz", hash = "sha256:bfdf460b1736c775f2ba9f6a92bca30bc2095067b8a9d77876d1fad6cc3b4a43"},
]
