# This file is automatically @generated by Poetry 1.4.0 and should not be changed by hand.

[[package]]
name = "markdown-it-py"
version = "2.2.0"
description = "Python port of markdown-it. Markdown parsing, done right!"
category = "main"
optional = false
python-versions = ">=3.7"
files = [
    {file = "markdown-it-py-2.2.0.tar.gz", hash = "sha256:7c9a5e412688bc771c67432cbfebcdd686c93ce6484913dccf06cb5a0bea35a1"},
    {file = "markdown_it_py-2.2.0-py3-none-any.whl", hash = "sha256:5a35f8d1870171d9acc47b99612dc146129b631baf04970128b568f190d0cc30"},
]

[package.dependencies]
mdurl = ">=0.1,<1.0"

[package.extras]
benchmarking = ["psutil", "pytest", "pytest-benchmark"]
code-style = ["pre-commit (>=3.0,<4.0)"]
compare = ["commonmark (>=0.9,<1.0)", "markdown (>=3.4,<4.0)", "mistletoe (>=1.0,<2.0)", "mistune (>=2.0,<3.0)", "panflute (>=2.3,<3.0)"]
linkify = ["linkify-it-py (>=1,<3)"]
plugins = ["mdit-py-plugins"]
profiling = ["gprof2dot"]
rtd = ["attrs", "myst-parser", "pyyaml", "sphinx", "sphinx-copybutton", "sphinx-design", "sphinx_book_theme"]
testing = ["coverage", "pytest", "pytest-cov", "pytest-regressions"]

[[package]]
name = "mdit-py-hugo"
version = "0.2.0"
description = "Collection of markdown-it-py plugins and extensions that add supports for Hugo syntaxes and functionalities"
category = "main"
optional = false
python-versions = ">=3.8,<4.0"
files = [
    {file = "mdit_py_hugo-0.2.0-py3-none-any.whl", hash = "sha256:43c805327252c1b18f32ee4af58e51c5a878feab7f7933fc8a1d8a529daa16e6"},
    {file = "mdit_py_hugo-0.2.0.tar.gz", hash = "sha256:f1b8134b3931b02e9c25a0fffa44bca0f93d2d3d26e1e7dbb3a47366f37ffb65"},
]

[package.dependencies]
markdown-it-py = ">=2.2.0,<3.0.0"
mdit-py-plugins = ">=0.3.5,<0.4.0"

[[package]]
name = "mdit-py-plugins"
version = "0.3.5"
description = "Collection of plugins for markdown-it-py"
category = "main"
optional = false
python-versions = ">=3.7"
files = [
    {file = "mdit-py-plugins-0.3.5.tar.gz", hash = "sha256:eee0adc7195e5827e17e02d2a258a2ba159944a0748f59c5099a4a27f78fcf6a"},
    {file = "mdit_py_plugins-0.3.5-py3-none-any.whl", hash = "sha256:ca9a0714ea59a24b2b044a1831f48d817dd0c817e84339f20e7889f392d77c4e"},
]

[package.dependencies]
markdown-it-py = ">=1.0.0,<3.0.0"

[package.extras]
code-style = ["pre-commit"]
rtd = ["attrs", "myst-parser (>=0.16.1,<0.17.0)", "sphinx-book-theme (>=0.1.0,<0.2.0)"]
testing = ["coverage", "pytest", "pytest-cov", "pytest-regressions"]

[[package]]
name = "mdurl"
version = "0.1.2"
description = "Markdown URL utilities"
category = "main"
optional = false
python-versions = ">=3.7"
files = [
    {file = "mdurl-0.1.2-py3-none-any.whl", hash = "sha256:84008a41e51615a49fc9966191ff91509e3c40b939176e643fd50a5c2196b8f8"},
    {file = "mdurl-0.1.2.tar.gz", hash = "sha256:bb413d29f5eea38f31dd4754dd7377d4465116fb207585f97bf925588687c1ba"},
]

[metadata]
lock-version = "2.0"
python-versions = "^3.8"
content-hash = "07168665356fe1b35cd7edef82801ea91f63aae85ecd71500760b754b4cba45d"
